
Microsoft Visual Studio Solution File, Format Version 12.00
# Visual Studio Version 16
VisualStudioVersion = 16.0.31410.357
MinimumVisualStudioVersion = 10.0.40219.1
Project("{FAE04EC0-301F-11D3-BF4B-00C04F79EFBC}") = "SentientAnimals", "SentientAnimals.csproj", "{81A579C6-08A0-46AB-84AD-3623D15A061B}"
EndProject
Global
	GlobalSection(SolutionConfigurationPlatforms) = preSolution
		Debug|Any CPU = Debug|Any CPU
		Release|Any CPU = Release|Any CPU
	EndGlobalSection
	GlobalSection(ProjectConfigurationPlatforms) = postSolution
		{81A579C6-08A0-46AB-84AD-3623D15A061B}.Debug|Any CPU.ActiveCfg = Debug|Any CPU
		{81A579C6-08A0-46AB-84AD-3623D15A061B}.Debug|Any CPU.Build.0 = Debug|Any CPU
		{81A579C6-08A0-46AB-84AD-3623D15A061B}.Release|Any CPU.ActiveCfg = Release|Any CPU
		{81A579C6-08A0-46AB-84AD-3623D15A061B}.Release|Any CPU.Build.0 = Release|Any CPU
	EndGlobalSection
	GlobalSection(SolutionProperties) = preSolution
		HideSolutionNode = FALSE
	EndGlobalSection
	GlobalSection(ExtensibilityGlobals) = postSolution
		SolutionGuid = {8E41DE0A-0223-4152-918B-930AC1713A7E}
	EndGlobalSection
EndGlobal
